
Microsoft Visual Studio Solution File, Format Version 12.00
# Visual Studio Version 17
VisualStudioVersion = 17.0.31903.59
MinimumVisualStudioVersion = 10.0.40219.1
Project("{FAE04EC0-301F-11D3-BF4B-00C04F79EFBC}") = "expenselib", "library\expenselib.csproj", "{FD10D7DC-0784-4054-8BFE-FC5BA0FC6B39}"
EndProject
Project("{FAE04EC0-301F-11D3-BF4B-00C04F79EFBC}") = "expenseConsole", "console\expenseConsole.csproj", "{D6818BE9-880F-4EBA-B9A4-C38102B93622}"
EndProject
Global
	GlobalSection(SolutionConfigurationPlatforms) = preSolution
		Debug|Any CPU = Debug|Any CPU
		Release|Any CPU = Release|Any CPU
	EndGlobalSection
	GlobalSection(SolutionProperties) = preSolution
		HideSolutionNode = FALSE
	EndGlobalSection
	GlobalSection(ProjectConfigurationPlatforms) = postSolution
		{FD10D7DC-0784-4054-8BFE-FC5BA0FC6B39}.Debug|Any CPU.ActiveCfg = Debug|Any CPU
		{FD10D7DC-0784-4054-8BFE-FC5BA0FC6B39}.Debug|Any CPU.Build.0 = Debug|Any CPU
		{FD10D7DC-0784-4054-8BFE-FC5BA0FC6B39}.Release|Any CPU.ActiveCfg = Release|Any CPU
		{FD10D7DC-0784-4054-8BFE-FC5BA0FC6B39}.Release|Any CPU.Build.0 = Release|Any CPU
		{D6818BE9-880F-4EBA-B9A4-C38102B93622}.Debug|Any CPU.ActiveCfg = Debug|Any CPU
		{D6818BE9-880F-4EBA-B9A4-C38102B93622}.Debug|Any CPU.Build.0 = Debug|Any CPU
		{D6818BE9-880F-4EBA-B9A4-C38102B93622}.Release|Any CPU.ActiveCfg = Release|Any CPU
		{D6818BE9-880F-4EBA-B9A4-C38102B93622}.Release|Any CPU.Build.0 = Release|Any CPU
	EndGlobalSection
EndGlobal
